// !$*UTF8*$!
{
	archiveVersion = 1;
	classes = {
	};
	objectVersion = 50;
	objects = {

/* Begin PBXBuildFile section */
		822C666720CA3EAC00A3B8A2 /* AppDelegate.swift in Sources */ = {isa = PBXBuildFile; fileRef = 822C666620CA3EAC00A3B8A2 /* AppDelegate.swift */; };
		822C666920CA3EAC00A3B8A2 /* ViewController.swift in Sources */ = {isa = PBXBuildFile; fileRef = 822C666820CA3EAC00A3B8A2 /* ViewController.swift */; };
		822C666C20CA3EAC00A3B8A2 /* Main.storyboard in Resources */ = {isa = PBXBuildFile; fileRef = 822C666A20CA3EAC00A3B8A2 /* Main.storyboard */; };
		822C666E20CA3EAE00A3B8A2 /* Assets.xcassets in Resources */ = {isa = PBXBuildFile; fileRef = 822C666D20CA3EAE00A3B8A2 /* Assets.xcassets */; };
		822C667120CA3EAE00A3B8A2 /* LaunchScreen.storyboard in Resources */ = {isa = PBXBuildFile; fileRef = 822C666F20CA3EAE00A3B8A2 /* LaunchScreen.storyboard */; };
		822C667C20CA3EE900A3B8A2 /* pen.png in Resources */ = {isa = PBXBuildFile; fileRef = 822C667820CA3EE800A3B8A2 /* pen.png */; };
		822C667D20CA3EE900A3B8A2 /* pushButton.png in Resources */ = {isa = PBXBuildFile; fileRef = 822C667920CA3EE800A3B8A2 /* pushButton.png */; };
		822C667E20CA3EE900A3B8A2 /* sunrise.jpg in Resources */ = {isa = PBXBuildFile; fileRef = 822C667A20CA3EE800A3B8A2 /* sunrise.jpg */; };
		822C667F20CA3EE900A3B8A2 /* human.png in Resources */ = {isa = PBXBuildFile; fileRef = 822C667B20CA3EE800A3B8A2 /* human.png */; };
/* End PBXBuildFile section */

/* Begin PBXFileReference section */
		822C666320CA3EAC00A3B8A2 /* Swift4MagicPush1.app */ = {isa = PBXFileReference; explicitFileType = wrapper.application; includeInIndex = 0; path = Swift4MagicPush1.app; sourceTree = BUILT_PRODUCTS_DIR; };
		822C666620CA3EAC00A3B8A2 /* AppDelegate.swift */ = {isa = PBXFileReference; lastKnownFileType = sourcecode.swift; path = AppDelegate.swift; sourceTree = "<group>"; };
		822C666820CA3EAC00A3B8A2 /* ViewController.swift */ = {isa = PBXFileReference; lastKnownFileType = sourcecode.swift; path = ViewController.swift; sourceTree = "<group>"; };
		822C666B20CA3EAC00A3B8A2 /* Base */ = {isa = PBXFileReference; lastKnownFileType = file.storyboard; name = Base; path = Base.lproj/Main.storyboard; sourceTree = "<group>"; };
		822C666D20CA3EAE00A3B8A2 /* Assets.xcassets */ = {isa = PBXFileReference; lastKnownFileType = folder.assetcatalog; path = Assets.xcassets; sourceTree = "<group>"; };
		822C667020CA3EAE00A3B8A2 /* Base */ = {isa = PBXFileReference; lastKnownFileType = file.storyboard; name = Base; path = Base.lproj/LaunchScreen.storyboard; sourceTree = "<group>"; };
		822C667220CA3EAE00A3B8A2 /* Info.plist */ = {isa = PBXFileReference; lastKnownFileType = text.plist.xml; path = Info.plist; sourceTree = "<group>"; };
		822C667820CA3EE800A3B8A2 /* pen.png */ = {isa = PBXFileReference; lastKnownFileType = image.png; path = pen.png; sourceTree = "<group>"; };
		822C667920CA3EE800A3B8A2 /* pushButton.png */ = {isa = PBXFileReference; lastKnownFileType = image.png; path = pushButton.png; sourceTree = "<group>"; };
		822C667A20CA3EE800A3B8A2 /* sunrise.jpg */ = {isa = PBXFileReference; lastKnownFileType = image.jpeg; path = sunrise.jpg; sourceTree = "<group>"; };
		822C667B20CA3EE800A3B8A2 /* human.png */ = {isa = PBXFileReference; lastKnownFileType = image.png; path = human.png; sourceTree = "<group>"; };
/* End PBXFileReference section */

/* Begin PBXFrameworksBuildPhase section */
		822C666020CA3EAC00A3B8A2 /* Frameworks */ = {
			isa = PBXFrameworksBuildPhase;
			buildActionMask = 2147483647;
			files = (
			);
			runOnlyForDeploymentPostprocessing = 0;
		};
/* End PBXFrameworksBuildPhase section */

/* Begin PBXGroup section */
		822C665A20CA3EAC00A3B8A2 = {
			isa = PBXGroup;
			children = (
				822C666520CA3EAC00A3B8A2 /* Swift4MagicPush1 */,
				822C666420CA3EAC00A3B8A2 /* Products */,
			);
			sourceTree = "<group>";
		};
		822C666420CA3EAC00A3B8A2 /* Products */ = {
			isa = PBXGroup;
			children = (
				822C666320CA3EAC00A3B8A2 /* Swift4MagicPush1.app */,
			);
			name = Products;
			sourceTree = "<group>";
		};
		822C666520CA3EAC00A3B8A2 /* Swift4MagicPush1 */ = {
			isa = PBXGroup;
			children = (
				822C667B20CA3EE800A3B8A2 /* human.png */,
				822C667820CA3EE800A3B8A2 /* pen.png */,
				822C667920CA3EE800A3B8A2 /* pushButton.png */,
				822C667A20CA3EE800A3B8A2 /* sunrise.jpg */,
				822C666620CA3EAC00A3B8A2 /* AppDelegate.swift */,
				822C666820CA3EAC00A3B8A2 /* ViewController.swift */,
				822C666A20CA3EAC00A3B8A2 /* Main.storyboard */,
				822C666D20CA3EAE00A3B8A2 /* Assets.xcassets */,
				822C666F20CA3EAE00A3B8A2 /* LaunchScreen.storyboard */,
				822C667220CA3EAE00A3B8A2 /* Info.plist */,
			);
			path = Swift4MagicPush1;
			sourceTree = "<group>";
		};
/* End PBXGroup section */

/* Begin PBXNativeTarget section */
		822C666220CA3EAC00A3B8A2 /* Swift4MagicPush1 */ = {
			isa = PBXNativeTarget;
			buildConfigurationList = 822C667520CA3EAE00A3B8A2 /* Build configuration list for PBXNativeTarget "Swift4MagicPush1" */;
			buildPhases = (
				822C665F20CA3EAC00A3B8A2 /* Sources */,
				822C666020CA3EAC00A3B8A2 /* Frameworks */,
				822C666120CA3EAC00A3B8A2 /* Resources */,
			);
			buildRules = (
			);
			dependencies = (
			);
			name = Swift4MagicPush1;
			productName = Swift4MagicPush1;
			productReference = 822C666320CA3EAC00A3B8A2 /* Swift4MagicPush1.app */;
			productType = "com.apple.product-type.application";
		};
/* End PBXNativeTarget section */

/* Begin PBXProject section */
		822C665B20CA3EAC00A3B8A2 /* Project object */ = {
			isa = PBXProject;
			attributes = {
				LastSwiftUpdateCheck = 0940;
				LastUpgradeCheck = 0940;
				ORGANIZATIONNAME = "Takuma Osada";
				TargetAttributes = {
					822C666220CA3EAC00A3B8A2 = {
						CreatedOnToolsVersion = 9.4;
					};
				};
			};
			buildConfigurationList = 822C665E20CA3EAC00A3B8A2 /* Build configuration list for PBXProject "Swift4MagicPush1" */;
			compatibilityVersion = "Xcode 9.3";
			developmentRegion = en;
			hasScannedForEncodings = 0;
			knownRegions = (
				en,
				Base,
			);
			mainGroup = 822C665A20CA3EAC00A3B8A2;
			productRefGroup = 822C666420CA3EAC00A3B8A2 /* Products */;
			projectDirPath = "";
			projectRoot = "";
			targets = (
				822C666220CA3EAC00A3B8A2 /* Swift4MagicPush1 */,
			);
		};
/* End PBXProject section */

/* Begin PBXResourcesBuildPhase section */
		822C666120CA3EAC00A3B8A2 /* Resources */ = {
			isa = PBXResourcesBuildPhase;
			buildActionMask = 2147483647;
			files = (
				822C667120CA3EAE00A3B8A2 /* LaunchScreen.storyboard in Resources */,
				822C667C20CA3EE900A3B8A2 /* pen.png in Resources */,
				822C666E20CA3EAE00A3B8A2 /* Assets.xcassets in Resources */,
				822C667F20CA3EE900A3B8A2 /* human.png in Resources */,
				822C667D20CA3EE900A3B8A2 /* pushButton.png in Resources */,
				822C666C20CA3EAC00A3B8A2 /* Main.storyboard in Resources */,
				822C667E20CA3EE900A3B8A2 /* sunrise.jpg in Resources */,
			);
			runOnlyForDeploymentPostprocessing = 0;
		};
/* End PBXResourcesBuildPhase section */

/* Begin PBXSourcesBuildPhase section */
		822C665F20CA3EAC00A3B8A2 /* Sources */ = {
			isa = PBXSourcesBuildPhase;
			buildActionMask = 2147483647;
			files = (
				822C666920CA3EAC00A3B8A2 /* ViewController.swift in Sources */,
				822C666720CA3EAC00A3B8A2 /* AppDelegate.swift in Sources */,
			);
			runOnlyForDeploymentPostprocessing = 0;
		};
/* End PBXSourcesBuildPhase section */

/* Begin PBXVariantGroup section */
		822C666A20CA3EAC00A3B8A2 /* Main.storyboard */ = {
			isa = PBXVariantGroup;
			children = (
				822C666B20CA3EAC00A3B8A2 /* Base */,
			);
			name = Main.storyboard;
			sourceTree = "<group>";
		};
		822C666F20CA3EAE00A3B8A2 /* LaunchScreen.storyboard */ = {
			isa = PBXVariantGroup;
			children = (
				822C667020CA3EAE00A3B8A2 /* Base */,
			);
			name = LaunchScreen.storyboard;
			sourceTree = "<group>";
		};
/* End PBXVariantGroup section */

/* Begin XCBuildConfiguration section */
		822C667320CA3EAE00A3B8A2 /* Debug */ = {
			isa = XCBuildConfiguration;
			buildSettings = {
				ALWAYS_SEARCH_USER_PATHS = NO;
				CLANG_ANALYZER_NONNULL = YES;
				CLANG_ANALYZER_NUMBER_OBJECT_CONVERSION = YES_AGGRESSIVE;
				CLANG_CXX_LANGUAGE_STANDARD = "gnu++14";
				CLANG_CXX_LIBRARY = "libc++";
				CLANG_ENABLE_MODULES = YES;
				CLANG_ENABLE_OBJC_ARC = YES;
				CLANG_ENABLE_OBJC_WEAK = YES;
				CLANG_WARN_BLOCK_CAPTURE_AUTORELEASING = YES;
				CLANG_WARN_BOOL_CONVERSION = YES;
				CLANG_WARN_COMMA = YES;
				CLANG_WARN_CONSTANT_CONVERSION = YES;
				CLANG_WARN_DEPRECATED_OBJC_IMPLEMENTATIONS = YES;
				CLANG_WARN_DIRECT_OBJC_ISA_USAGE = YES_ERROR;
				CLANG_WARN_DOCUMENTATION_COMMENTS = YES;
				CLANG_WARN_EMPTY_BODY = YES;
				CLANG_WARN_ENUM_CONVERSION = YES;
				CLANG_WARN_INFINITE_RECURSION = YES;
				CLANG_WARN_INT_CONVERSION = YES;
				CLANG_WARN_NON_LITERAL_NULL_CONVERSION = YES;
				CLANG_WARN_OBJC_IMPLICIT_RETAIN_SELF = YES;
				CLANG_WARN_OBJC_LITERAL_CONVERSION = YES;
				CLANG_WARN_OBJC_ROOT_CLASS = YES_ERROR;
				CLANG_WARN_RANGE_LOOP_ANALYSIS = YES;
				CLANG_WARN_STRICT_PROTOTYPES = YES;
				CLANG_WARN_SUSPICIOUS_MOVE = YES;
				CLANG_WARN_UNGUARDED_AVAILABILITY = YES_AGGRESSIVE;
				CLANG_WARN_UNREACHABLE_CODE = YES;
				CLANG_WARN__DUPLICATE_METHOD_MATCH = YES;
				CODE_SIGN_IDENTITY = "iPhone Developer";
				COPY_PHASE_STRIP = NO;
				DEBUG_INFORMATION_FORMAT = dwarf;
				ENABLE_STRICT_OBJC_MSGSEND = YES;
				ENABLE_TESTABILITY = YES;
				GCC_C_LANGUAGE_STANDARD = gnu11;
				GCC_DYNAMIC_NO_PIC = NO;
				GCC_NO_COMMON_BLOCKS = YES;
				GCC_OPTIMIZATION_LEVEL = 0;
				GCC_PREPROCESSOR_DEFINITIONS = (
					"DEBUG=1",
					"$(inherited)",
				);
				GCC_WARN_64_TO_32_BIT_CONVERSION = YES;
				GCC_WARN_ABOUT_RETURN_TYPE = YES_ERROR;
				GCC_WARN_UNDECLARED_SELECTOR = YES;
				GCC_WARN_UNINITIALIZED_AUTOS = YES_AGGRESSIVE;
				GCC_WARN_UNUSED_FUNCTION = YES;
				GCC_WARN_UNUSED_VARIABLE = YES;
				IPHONEOS_DEPLOYMENT_TARGET = 11.4;
				MTL_ENABLE_DEBUG_INFO = YES;
				ONLY_ACTIVE_ARCH = YES;
				SDKROOT = iphoneos;
				SWIFT_ACTIVE_COMPILATION_CONDITIONS = DEBUG;
				SWIFT_OPTIMIZATION_LEVEL = "-Onone";
			};
			name = Debug;
		};
		822C667420CA3EAE00A3B8A2 /* Release */ = {
			isa = XCBuildConfiguration;
			buildSettings = {
				ALWAYS_SEARCH_USER_PATHS = NO;
				CLANG_ANALYZER_NONNULL = YES;
				CLANG_ANALYZER_NUMBER_OBJECT_CONVERSION = YES_AGGRESSIVE;
				CLANG_CXX_LANGUAGE_STANDARD = "gnu++14";
				CLANG_CXX_LIBRARY = "libc++";
				CLANG_ENABLE_MODULES = YES;
				CLANG_ENABLE_OBJC_ARC = YES;
				CLANG_ENABLE_OBJC_WEAK = YES;
				CLANG_WARN_BLOCK_CAPTURE_AUTORELEASING = YES;
				CLANG_WARN_BOOL_CONVERSION = YES;
				CLANG_WARN_COMMA = YES;
				CLANG_WARN_CONSTANT_CONVERSION = YES;
				CLANG_WARN_DEPRECATED_OBJC_IMPLEMENTATIONS = YES;
				CLANG_WARN_DIRECT_OBJC_ISA_USAGE = YES_ERROR;
				CLANG_WARN_DOCUMENTATION_COMMENTS = YES;
				CLANG_WARN_EMPTY_BODY = YES;
				CLANG_WARN_ENUM_CONVERSION = YES;
				CLANG_WARN_INFINITE_RECURSION = YES;
				CLANG_WARN_INT_CONVERSION = YES;
				CLANG_WARN_NON_LITERAL_NULL_CONVERSION = YES;
				CLANG_WARN_OBJC_IMPLICIT_RETAIN_SELF = YES;
				CLANG_WARN_OBJC_LITERAL_CONVERSION = YES;
				CLANG_WARN_OBJC_ROOT_CLASS = YES_ERROR;
				CLANG_WARN_RANGE_LOOP_ANALYSIS = YES;
				CLANG_WARN_STRICT_PROTOTYPES = YES;
				CLANG_WARN_SUSPICIOUS_MOVE = YES;
				CLANG_WARN_UNGUARDED_AVAILABILITY = YES_AGGRESSIVE;
				CLANG_WARN_UNREACHABLE_CODE = YES;
				CLANG_WARN__DUPLICATE_METHOD_MATCH = YES;
				CODE_SIGN_IDENTITY = "iPhone Developer";
				COPY_PHASE_STRIP = NO;
				DEBUG_INFORMATION_FORMAT = "dwarf-with-dsym";
				ENABLE_NS_ASSERTIONS = NO;
				ENABLE_STRICT_OBJC_MSGSEND = YES;
				GCC_C_LANGUAGE_STANDARD = gnu11;
				GCC_NO_COMMON_BLOCKS = YES;
				GCC_WARN_64_TO_32_BIT_CONVERSION = YES;
				GCC_WARN_ABOUT_RETURN_TYPE = YES_ERROR;
				GCC_WARN_UNDECLARED_SELECTOR = YES;
				GCC_WARN_UNINITIALIZED_AUTOS = YES_AGGRESSIVE;
				GCC_WARN_UNUSED_FUNCTION = YES;
				GCC_WARN_UNUSED_VARIABLE = YES;
				IPHONEOS_DEPLOYMENT_TARGET = 11.4;
				MTL_ENABLE_DEBUG_INFO = NO;
				SDKROOT = iphoneos;
				SWIFT_COMPILATION_MODE = wholemodule;
				SWIFT_OPTIMIZATION_LEVEL = "-O";
				VALIDATE_PRODUCT = YES;
			};
			name = Release;
		};
		822C667620CA3EAE00A3B8A2 /* Debug */ = {
			isa = XCBuildConfiguration;
			buildSettings = {
				ASSETCATALOG_COMPILER_APPICON_NAME = AppIcon;
				CODE_SIGN_STYLE = Automatic;
				INFOPLIST_FILE = Swift4MagicPush1/Info.plist;
				LD_RUNPATH_SEARCH_PATHS = (
					"$(inherited)",
					"@executable_path/Frameworks",
				);
				PRODUCT_BUNDLE_IDENTIFIER = com.test.Swift4MagicPush1;
				PRODUCT_NAME = "$(TARGET_NAME)";
				SWIFT_VERSION = 4.0;
				TARGETED_DEVICE_FAMILY = "1,2";
			};
			name = Debug;
		};
		822C667720CA3EAE00A3B8A2 /* Release */ = {
			isa = XCBuildConfiguration;
			buildSettings = {
				ASSETCATALOG_COMPILER_APPICON_NAME = AppIcon;
				CODE_SIGN_STYLE = Automatic;
				INFOPLIST_FILE = Swift4MagicPush1/Info.plist;
				LD_RUNPATH_SEARCH_PATHS = (
					"$(inherited)",
					"@executable_path/Frameworks",
				);
				PRODUCT_BUNDLE_IDENTIFIER = com.test.Swift4MagicPush1;
				PRODUCT_NAME = "$(TARGET_NAME)";
				SWIFT_VERSION = 4.0;
				TARGETED_DEVICE_FAMILY = "1,2";
			};
			name = Release;
		};
/* End XCBuildConfiguration section */

/* Begin XCConfigurationList section */
		822C665E20CA3EAC00A3B8A2 /* Build configuration list for PBXProject "Swift4MagicPush1" */ = {
			isa = XCConfigurationList;
			buildConfigurations = (
				822C667320CA3EAE00A3B8A2 /* Debug */,
				822C667420CA3EAE00A3B8A2 /* Release */,
			);
			defaultConfigurationIsVisible = 0;
			defaultConfigurationName = Release;
		};
		822C667520CA3EAE00A3B8A2 /* Build configuration list for PBXNativeTarget "Swift4MagicPush1" */ = {
			isa = XCConfigurationList;
			buildConfigurations = (
				822C667620CA3EAE00A3B8A2 /* Debug */,
				822C667720CA3EAE00A3B8A2 /* Release */,
			);
			defaultConfigurationIsVisible = 0;
			defaultConfigurationName = Release;
		};
/* End XCConfigurationList section */
	};
	rootObject = 822C665B20CA3EAC00A3B8A2 /* Project object */;
}
