// !$*UTF8*$!
{
	archiveVersion = 1;
	classes = {
	};
	objectVersion = 50;
	objects = {

/* Begin PBXBuildFile section */
		822C65E420C62D9600A3B8A2 /* AppDelegate.swift in Sources */ = {isa = PBXBuildFile; fileRef = 822C65E320C62D9600A3B8A2 /* AppDelegate.swift */; };
		822C65E620C62D9600A3B8A2 /* ViewController.swift in Sources */ = {isa = PBXBuildFile; fileRef = 822C65E520C62D9600A3B8A2 /* ViewController.swift */; };
		822C65E920C62D9600A3B8A2 /* Main.storyboard in Resources */ = {isa = PBXBuildFile; fileRef = 822C65E720C62D9600A3B8A2 /* Main.storyboard */; };
		822C65EB20C62D9700A3B8A2 /* Assets.xcassets in Resources */ = {isa = PBXBuildFile; fileRef = 822C65EA20C62D9700A3B8A2 /* Assets.xcassets */; };
		822C65EE20C62D9700A3B8A2 /* LaunchScreen.storyboard in Resources */ = {isa = PBXBuildFile; fileRef = 822C65EC20C62D9700A3B8A2 /* LaunchScreen.storyboard */; };
		822C65FC20C62DDB00A3B8A2 /* callplay2.png in Resources */ = {isa = PBXBuildFile; fileRef = 822C65F520C62DDB00A3B8A2 /* callplay2.png */; };
		822C65FD20C62DDB00A3B8A2 /* call.png in Resources */ = {isa = PBXBuildFile; fileRef = 822C65F620C62DDB00A3B8A2 /* call.png */; };
		822C65FE20C62DDB00A3B8A2 /* callplay1.png in Resources */ = {isa = PBXBuildFile; fileRef = 822C65F720C62DDB00A3B8A2 /* callplay1.png */; };
		822C65FF20C62DDB00A3B8A2 /* callMusic.mp3 in Resources */ = {isa = PBXBuildFile; fileRef = 822C65F820C62DDB00A3B8A2 /* callMusic.mp3 */; };
		822C660020C62DDB00A3B8A2 /* child.jpg in Resources */ = {isa = PBXBuildFile; fileRef = 822C65F920C62DDB00A3B8A2 /* child.jpg */; };
		822C660120C62DDB00A3B8A2 /* baby.mp3 in Resources */ = {isa = PBXBuildFile; fileRef = 822C65FA20C62DDB00A3B8A2 /* baby.mp3 */; };
		822C660220C62DDB00A3B8A2 /* background.jpg in Resources */ = {isa = PBXBuildFile; fileRef = 822C65FB20C62DDB00A3B8A2 /* background.jpg */; };
		822C660420C6A31600A3B8A2 /* soundViewController.swift in Sources */ = {isa = PBXBuildFile; fileRef = 822C660320C6A31600A3B8A2 /* soundViewController.swift */; };
		822C660720C6A59D00A3B8A2 /* AVFoundation.framework in Frameworks */ = {isa = PBXBuildFile; fileRef = 822C660620C6A59D00A3B8A2 /* AVFoundation.framework */; };
/* End PBXBuildFile section */

/* Begin PBXFileReference section */
		822C65E020C62D9600A3B8A2 /* swiftMousouLINE.app */ = {isa = PBXFileReference; explicitFileType = wrapper.application; includeInIndex = 0; path = swiftMousouLINE.app; sourceTree = BUILT_PRODUCTS_DIR; };
		822C65E320C62D9600A3B8A2 /* AppDelegate.swift */ = {isa = PBXFileReference; lastKnownFileType = sourcecode.swift; path = AppDelegate.swift; sourceTree = "<group>"; };
		822C65E520C62D9600A3B8A2 /* ViewController.swift */ = {isa = PBXFileReference; lastKnownFileType = sourcecode.swift; path = ViewController.swift; sourceTree = "<group>"; };
		822C65E820C62D9600A3B8A2 /* Base */ = {isa = PBXFileReference; lastKnownFileType = file.storyboard; name = Base; path = Base.lproj/Main.storyboard; sourceTree = "<group>"; };
		822C65EA20C62D9700A3B8A2 /* Assets.xcassets */ = {isa = PBXFileReference; lastKnownFileType = folder.assetcatalog; path = Assets.xcassets; sourceTree = "<group>"; };
		822C65ED20C62D9700A3B8A2 /* Base */ = {isa = PBXFileReference; lastKnownFileType = file.storyboard; name = Base; path = Base.lproj/LaunchScreen.storyboard; sourceTree = "<group>"; };
		822C65EF20C62D9700A3B8A2 /* Info.plist */ = {isa = PBXFileReference; lastKnownFileType = text.plist.xml; path = Info.plist; sourceTree = "<group>"; };
		822C65F520C62DDB00A3B8A2 /* callplay2.png */ = {isa = PBXFileReference; lastKnownFileType = image.png; path = callplay2.png; sourceTree = "<group>"; };
		822C65F620C62DDB00A3B8A2 /* call.png */ = {isa = PBXFileReference; lastKnownFileType = image.png; path = call.png; sourceTree = "<group>"; };
		822C65F720C62DDB00A3B8A2 /* callplay1.png */ = {isa = PBXFileReference; lastKnownFileType = image.png; path = callplay1.png; sourceTree = "<group>"; };
		822C65F820C62DDB00A3B8A2 /* callMusic.mp3 */ = {isa = PBXFileReference; lastKnownFileType = audio.mp3; path = callMusic.mp3; sourceTree = "<group>"; };
		822C65F920C62DDB00A3B8A2 /* child.jpg */ = {isa = PBXFileReference; lastKnownFileType = image.jpeg; path = child.jpg; sourceTree = "<group>"; };
		822C65FA20C62DDB00A3B8A2 /* baby.mp3 */ = {isa = PBXFileReference; lastKnownFileType = audio.mp3; path = baby.mp3; sourceTree = "<group>"; };
		822C65FB20C62DDB00A3B8A2 /* background.jpg */ = {isa = PBXFileReference; lastKnownFileType = image.jpeg; path = background.jpg; sourceTree = "<group>"; };
		822C660320C6A31600A3B8A2 /* soundViewController.swift */ = {isa = PBXFileReference; lastKnownFileType = sourcecode.swift; path = soundViewController.swift; sourceTree = "<group>"; };
		822C660620C6A59D00A3B8A2 /* AVFoundation.framework */ = {isa = PBXFileReference; lastKnownFileType = wrapper.framework; name = AVFoundation.framework; path = System/Library/Frameworks/AVFoundation.framework; sourceTree = SDKROOT; };
/* End PBXFileReference section */

/* Begin PBXFrameworksBuildPhase section */
		822C65DD20C62D9600A3B8A2 /* Frameworks */ = {
			isa = PBXFrameworksBuildPhase;
			buildActionMask = 2147483647;
			files = (
				822C660720C6A59D00A3B8A2 /* AVFoundation.framework in Frameworks */,
			);
			runOnlyForDeploymentPostprocessing = 0;
		};
/* End PBXFrameworksBuildPhase section */

/* Begin PBXGroup section */
		822C65D720C62D9600A3B8A2 = {
			isa = PBXGroup;
			children = (
				822C65E220C62D9600A3B8A2 /* swiftMousouLINE */,
				822C65E120C62D9600A3B8A2 /* Products */,
				822C660520C6A59D00A3B8A2 /* Frameworks */,
			);
			sourceTree = "<group>";
		};
		822C65E120C62D9600A3B8A2 /* Products */ = {
			isa = PBXGroup;
			children = (
				822C65E020C62D9600A3B8A2 /* swiftMousouLINE.app */,
			);
			name = Products;
			sourceTree = "<group>";
		};
		822C65E220C62D9600A3B8A2 /* swiftMousouLINE */ = {
			isa = PBXGroup;
			children = (
				822C65FA20C62DDB00A3B8A2 /* baby.mp3 */,
				822C65FB20C62DDB00A3B8A2 /* background.jpg */,
				822C65F620C62DDB00A3B8A2 /* call.png */,
				822C65F820C62DDB00A3B8A2 /* callMusic.mp3 */,
				822C65F720C62DDB00A3B8A2 /* callplay1.png */,
				822C65F520C62DDB00A3B8A2 /* callplay2.png */,
				822C65F920C62DDB00A3B8A2 /* child.jpg */,
				822C65E320C62D9600A3B8A2 /* AppDelegate.swift */,
				822C65E520C62D9600A3B8A2 /* ViewController.swift */,
				822C660320C6A31600A3B8A2 /* soundViewController.swift */,
				822C65E720C62D9600A3B8A2 /* Main.storyboard */,
				822C65EA20C62D9700A3B8A2 /* Assets.xcassets */,
				822C65EC20C62D9700A3B8A2 /* LaunchScreen.storyboard */,
				822C65EF20C62D9700A3B8A2 /* Info.plist */,
			);
			path = swiftMousouLINE;
			sourceTree = "<group>";
		};
		822C660520C6A59D00A3B8A2 /* Frameworks */ = {
			isa = PBXGroup;
			children = (
				822C660620C6A59D00A3B8A2 /* AVFoundation.framework */,
			);
			name = Frameworks;
			sourceTree = "<group>";
		};
/* End PBXGroup section */

/* Begin PBXNativeTarget section */
		822C65DF20C62D9600A3B8A2 /* swiftMousouLINE */ = {
			isa = PBXNativeTarget;
			buildConfigurationList = 822C65F220C62D9700A3B8A2 /* Build configuration list for PBXNativeTarget "swiftMousouLINE" */;
			buildPhases = (
				822C65DC20C62D9600A3B8A2 /* Sources */,
				822C65DD20C62D9600A3B8A2 /* Frameworks */,
				822C65DE20C62D9600A3B8A2 /* Resources */,
			);
			buildRules = (
			);
			dependencies = (
			);
			name = swiftMousouLINE;
			productName = swiftMousouLINE;
			productReference = 822C65E020C62D9600A3B8A2 /* swiftMousouLINE.app */;
			productType = "com.apple.product-type.application";
		};
/* End PBXNativeTarget section */

/* Begin PBXProject section */
		822C65D820C62D9600A3B8A2 /* Project object */ = {
			isa = PBXProject;
			attributes = {
				LastSwiftUpdateCheck = 0940;
				LastUpgradeCheck = 0940;
				ORGANIZATIONNAME = "Takuma Osada";
				TargetAttributes = {
					822C65DF20C62D9600A3B8A2 = {
						CreatedOnToolsVersion = 9.4;
					};
				};
			};
			buildConfigurationList = 822C65DB20C62D9600A3B8A2 /* Build configuration list for PBXProject "swiftMousouLINE" */;
			compatibilityVersion = "Xcode 9.3";
			developmentRegion = en;
			hasScannedForEncodings = 0;
			knownRegions = (
				en,
				Base,
			);
			mainGroup = 822C65D720C62D9600A3B8A2;
			productRefGroup = 822C65E120C62D9600A3B8A2 /* Products */;
			projectDirPath = "";
			projectRoot = "";
			targets = (
				822C65DF20C62D9600A3B8A2 /* swiftMousouLINE */,
			);
		};
/* End PBXProject section */

/* Begin PBXResourcesBuildPhase section */
		822C65DE20C62D9600A3B8A2 /* Resources */ = {
			isa = PBXResourcesBuildPhase;
			buildActionMask = 2147483647;
			files = (
				822C65FC20C62DDB00A3B8A2 /* callplay2.png in Resources */,
				822C660220C62DDB00A3B8A2 /* background.jpg in Resources */,
				822C65FE20C62DDB00A3B8A2 /* callplay1.png in Resources */,
				822C660120C62DDB00A3B8A2 /* baby.mp3 in Resources */,
				822C65FD20C62DDB00A3B8A2 /* call.png in Resources */,
				822C65EE20C62D9700A3B8A2 /* LaunchScreen.storyboard in Resources */,
				822C660020C62DDB00A3B8A2 /* child.jpg in Resources */,
				822C65EB20C62D9700A3B8A2 /* Assets.xcassets in Resources */,
				822C65FF20C62DDB00A3B8A2 /* callMusic.mp3 in Resources */,
				822C65E920C62D9600A3B8A2 /* Main.storyboard in Resources */,
			);
			runOnlyForDeploymentPostprocessing = 0;
		};
/* End PBXResourcesBuildPhase section */

/* Begin PBXSourcesBuildPhase section */
		822C65DC20C62D9600A3B8A2 /* Sources */ = {
			isa = PBXSourcesBuildPhase;
			buildActionMask = 2147483647;
			files = (
				822C660420C6A31600A3B8A2 /* soundViewController.swift in Sources */,
				822C65E620C62D9600A3B8A2 /* ViewController.swift in Sources */,
				822C65E420C62D9600A3B8A2 /* AppDelegate.swift in Sources */,
			);
			runOnlyForDeploymentPostprocessing = 0;
		};
/* End PBXSourcesBuildPhase section */

/* Begin PBXVariantGroup section */
		822C65E720C62D9600A3B8A2 /* Main.storyboard */ = {
			isa = PBXVariantGroup;
			children = (
				822C65E820C62D9600A3B8A2 /* Base */,
			);
			name = Main.storyboard;
			sourceTree = "<group>";
		};
		822C65EC20C62D9700A3B8A2 /* LaunchScreen.storyboard */ = {
			isa = PBXVariantGroup;
			children = (
				822C65ED20C62D9700A3B8A2 /* Base */,
			);
			name = LaunchScreen.storyboard;
			sourceTree = "<group>";
		};
/* End PBXVariantGroup section */

/* Begin XCBuildConfiguration section */
		822C65F020C62D9700A3B8A2 /* Debug */ = {
			isa = XCBuildConfiguration;
			buildSettings = {
				ALWAYS_SEARCH_USER_PATHS = NO;
				CLANG_ANALYZER_NONNULL = YES;
				CLANG_ANALYZER_NUMBER_OBJECT_CONVERSION = YES_AGGRESSIVE;
				CLANG_CXX_LANGUAGE_STANDARD = "gnu++14";
				CLANG_CXX_LIBRARY = "libc++";
				CLANG_ENABLE_MODULES = YES;
				CLANG_ENABLE_OBJC_ARC = YES;
				CLANG_ENABLE_OBJC_WEAK = YES;
				CLANG_WARN_BLOCK_CAPTURE_AUTORELEASING = YES;
				CLANG_WARN_BOOL_CONVERSION = YES;
				CLANG_WARN_COMMA = YES;
				CLANG_WARN_CONSTANT_CONVERSION = YES;
				CLANG_WARN_DEPRECATED_OBJC_IMPLEMENTATIONS = YES;
				CLANG_WARN_DIRECT_OBJC_ISA_USAGE = YES_ERROR;
				CLANG_WARN_DOCUMENTATION_COMMENTS = YES;
				CLANG_WARN_EMPTY_BODY = YES;
				CLANG_WARN_ENUM_CONVERSION = YES;
				CLANG_WARN_INFINITE_RECURSION = YES;
				CLANG_WARN_INT_CONVERSION = YES;
				CLANG_WARN_NON_LITERAL_NULL_CONVERSION = YES;
				CLANG_WARN_OBJC_IMPLICIT_RETAIN_SELF = YES;
				CLANG_WARN_OBJC_LITERAL_CONVERSION = YES;
				CLANG_WARN_OBJC_ROOT_CLASS = YES_ERROR;
				CLANG_WARN_RANGE_LOOP_ANALYSIS = YES;
				CLANG_WARN_STRICT_PROTOTYPES = YES;
				CLANG_WARN_SUSPICIOUS_MOVE = YES;
				CLANG_WARN_UNGUARDED_AVAILABILITY = YES_AGGRESSIVE;
				CLANG_WARN_UNREACHABLE_CODE = YES;
				CLANG_WARN__DUPLICATE_METHOD_MATCH = YES;
				CODE_SIGN_IDENTITY = "iPhone Developer";
				COPY_PHASE_STRIP = NO;
				DEBUG_INFORMATION_FORMAT = dwarf;
				ENABLE_STRICT_OBJC_MSGSEND = YES;
				ENABLE_TESTABILITY = YES;
				GCC_C_LANGUAGE_STANDARD = gnu11;
				GCC_DYNAMIC_NO_PIC = NO;
				GCC_NO_COMMON_BLOCKS = YES;
				GCC_OPTIMIZATION_LEVEL = 0;
				GCC_PREPROCESSOR_DEFINITIONS = (
					"DEBUG=1",
					"$(inherited)",
				);
				GCC_WARN_64_TO_32_BIT_CONVERSION = YES;
				GCC_WARN_ABOUT_RETURN_TYPE = YES_ERROR;
				GCC_WARN_UNDECLARED_SELECTOR = YES;
				GCC_WARN_UNINITIALIZED_AUTOS = YES_AGGRESSIVE;
				GCC_WARN_UNUSED_FUNCTION = YES;
				GCC_WARN_UNUSED_VARIABLE = YES;
				IPHONEOS_DEPLOYMENT_TARGET = 11.4;
				MTL_ENABLE_DEBUG_INFO = YES;
				ONLY_ACTIVE_ARCH = YES;
				SDKROOT = iphoneos;
				SWIFT_ACTIVE_COMPILATION_CONDITIONS = DEBUG;
				SWIFT_OPTIMIZATION_LEVEL = "-Onone";
			};
			name = Debug;
		};
		822C65F120C62D9700A3B8A2 /* Release */ = {
			isa = XCBuildConfiguration;
			buildSettings = {
				ALWAYS_SEARCH_USER_PATHS = NO;
				CLANG_ANALYZER_NONNULL = YES;
				CLANG_ANALYZER_NUMBER_OBJECT_CONVERSION = YES_AGGRESSIVE;
				CLANG_CXX_LANGUAGE_STANDARD = "gnu++14";
				CLANG_CXX_LIBRARY = "libc++";
				CLANG_ENABLE_MODULES = YES;
				CLANG_ENABLE_OBJC_ARC = YES;
				CLANG_ENABLE_OBJC_WEAK = YES;
				CLANG_WARN_BLOCK_CAPTURE_AUTORELEASING = YES;
				CLANG_WARN_BOOL_CONVERSION = YES;
				CLANG_WARN_COMMA = YES;
				CLANG_WARN_CONSTANT_CONVERSION = YES;
				CLANG_WARN_DEPRECATED_OBJC_IMPLEMENTATIONS = YES;
				CLANG_WARN_DIRECT_OBJC_ISA_USAGE = YES_ERROR;
				CLANG_WARN_DOCUMENTATION_COMMENTS = YES;
				CLANG_WARN_EMPTY_BODY = YES;
				CLANG_WARN_ENUM_CONVERSION = YES;
				CLANG_WARN_INFINITE_RECURSION = YES;
				CLANG_WARN_INT_CONVERSION = YES;
				CLANG_WARN_NON_LITERAL_NULL_CONVERSION = YES;
				CLANG_WARN_OBJC_IMPLICIT_RETAIN_SELF = YES;
				CLANG_WARN_OBJC_LITERAL_CONVERSION = YES;
				CLANG_WARN_OBJC_ROOT_CLASS = YES_ERROR;
				CLANG_WARN_RANGE_LOOP_ANALYSIS = YES;
				CLANG_WARN_STRICT_PROTOTYPES = YES;
				CLANG_WARN_SUSPICIOUS_MOVE = YES;
				CLANG_WARN_UNGUARDED_AVAILABILITY = YES_AGGRESSIVE;
				CLANG_WARN_UNREACHABLE_CODE = YES;
				CLANG_WARN__DUPLICATE_METHOD_MATCH = YES;
				CODE_SIGN_IDENTITY = "iPhone Developer";
				COPY_PHASE_STRIP = NO;
				DEBUG_INFORMATION_FORMAT = "dwarf-with-dsym";
				ENABLE_NS_ASSERTIONS = NO;
				ENABLE_STRICT_OBJC_MSGSEND = YES;
				GCC_C_LANGUAGE_STANDARD = gnu11;
				GCC_NO_COMMON_BLOCKS = YES;
				GCC_WARN_64_TO_32_BIT_CONVERSION = YES;
				GCC_WARN_ABOUT_RETURN_TYPE = YES_ERROR;
				GCC_WARN_UNDECLARED_SELECTOR = YES;
				GCC_WARN_UNINITIALIZED_AUTOS = YES_AGGRESSIVE;
				GCC_WARN_UNUSED_FUNCTION = YES;
				GCC_WARN_UNUSED_VARIABLE = YES;
				IPHONEOS_DEPLOYMENT_TARGET = 11.4;
				MTL_ENABLE_DEBUG_INFO = NO;
				SDKROOT = iphoneos;
				SWIFT_COMPILATION_MODE = wholemodule;
				SWIFT_OPTIMIZATION_LEVEL = "-O";
				VALIDATE_PRODUCT = YES;
			};
			name = Release;
		};
		822C65F320C62D9700A3B8A2 /* Debug */ = {
			isa = XCBuildConfiguration;
			buildSettings = {
				ASSETCATALOG_COMPILER_APPICON_NAME = AppIcon;
				CODE_SIGN_STYLE = Automatic;
				INFOPLIST_FILE = swiftMousouLINE/Info.plist;
				LD_RUNPATH_SEARCH_PATHS = (
					"$(inherited)",
					"@executable_path/Frameworks",
				);
				PRODUCT_BUNDLE_IDENTIFIER = com.test.swiftMousouLINE;
				PRODUCT_NAME = "$(TARGET_NAME)";
				SWIFT_VERSION = 4.0;
				TARGETED_DEVICE_FAMILY = "1,2";
			};
			name = Debug;
		};
		822C65F420C62D9700A3B8A2 /* Release */ = {
			isa = XCBuildConfiguration;
			buildSettings = {
				ASSETCATALOG_COMPILER_APPICON_NAME = AppIcon;
				CODE_SIGN_STYLE = Automatic;
				INFOPLIST_FILE = swiftMousouLINE/Info.plist;
				LD_RUNPATH_SEARCH_PATHS = (
					"$(inherited)",
					"@executable_path/Frameworks",
				);
				PRODUCT_BUNDLE_IDENTIFIER = com.test.swiftMousouLINE;
				PRODUCT_NAME = "$(TARGET_NAME)";
				SWIFT_VERSION = 4.0;
				TARGETED_DEVICE_FAMILY = "1,2";
			};
			name = Release;
		};
/* End XCBuildConfiguration section */

/* Begin XCConfigurationList section */
		822C65DB20C62D9600A3B8A2 /* Build configuration list for PBXProject "swiftMousouLINE" */ = {
			isa = XCConfigurationList;
			buildConfigurations = (
				822C65F020C62D9700A3B8A2 /* Debug */,
				822C65F120C62D9700A3B8A2 /* Release */,
			);
			defaultConfigurationIsVisible = 0;
			defaultConfigurationName = Release;
		};
		822C65F220C62D9700A3B8A2 /* Build configuration list for PBXNativeTarget "swiftMousouLINE" */ = {
			isa = XCConfigurationList;
			buildConfigurations = (
				822C65F320C62D9700A3B8A2 /* Debug */,
				822C65F420C62D9700A3B8A2 /* Release */,
			);
			defaultConfigurationIsVisible = 0;
			defaultConfigurationName = Release;
		};
/* End XCConfigurationList section */
	};
	rootObject = 822C65D820C62D9600A3B8A2 /* Project object */;
}
