// !$*UTF8*$!
{
	archiveVersion = 1;
	classes = {
	};
	objectVersion = 50;
	objects = {

/* Begin PBXBuildFile section */
		8214B6C920CE9086004F063A /* AppDelegate.swift in Sources */ = {isa = PBXBuildFile; fileRef = 8214B6C820CE9086004F063A /* AppDelegate.swift */; };
		8214B6CB20CE9086004F063A /* ViewController.swift in Sources */ = {isa = PBXBuildFile; fileRef = 8214B6CA20CE9086004F063A /* ViewController.swift */; };
		8214B6CE20CE9086004F063A /* Main.storyboard in Resources */ = {isa = PBXBuildFile; fileRef = 8214B6CC20CE9086004F063A /* Main.storyboard */; };
		8214B6D020CE9089004F063A /* Assets.xcassets in Resources */ = {isa = PBXBuildFile; fileRef = 8214B6CF20CE9089004F063A /* Assets.xcassets */; };
		8214B6D320CE9089004F063A /* LaunchScreen.storyboard in Resources */ = {isa = PBXBuildFile; fileRef = 8214B6D120CE9089004F063A /* LaunchScreen.storyboard */; };
		8214B6DB20CE9679004F063A /* LineSDK.framework in Frameworks */ = {isa = PBXBuildFile; fileRef = 8214B6DA20CE9679004F063A /* LineSDK.framework */; };
		8214B6DD20CE96BB004F063A /* SDWebImage.framework in Frameworks */ = {isa = PBXBuildFile; fileRef = 8214B6DC20CE96BB004F063A /* SDWebImage.framework */; };
		8214B6DF20CE96D0004F063A /* CoreTelephony.framework in Frameworks */ = {isa = PBXBuildFile; fileRef = 8214B6DE20CE96D0004F063A /* CoreTelephony.framework */; };
		8214B6E120CE96DD004F063A /* Security.framework in Frameworks */ = {isa = PBXBuildFile; fileRef = 8214B6E020CE96DD004F063A /* Security.framework */; };
		8214B6E420D00ABB004F063A /* ProfileViewController.swift in Sources */ = {isa = PBXBuildFile; fileRef = 8214B6E320D00ABB004F063A /* ProfileViewController.swift */; };
		8214B6E620D00AF1004F063A /* lineIcon.png in Resources */ = {isa = PBXBuildFile; fileRef = 8214B6E520D00AF1004F063A /* lineIcon.png */; };
		8B7B78E29047936E3A8582E2 /* Pods_Swift4LINELogin.framework in Frameworks */ = {isa = PBXBuildFile; fileRef = B372509A36BF8E4AE262219F /* Pods_Swift4LINELogin.framework */; };
/* End PBXBuildFile section */

/* Begin PBXFileReference section */
		57C3DEFF1CF11204BB215BF8 /* Pods-Swift4LINELogin.release.xcconfig */ = {isa = PBXFileReference; includeInIndex = 1; lastKnownFileType = text.xcconfig; name = "Pods-Swift4LINELogin.release.xcconfig"; path = "Pods/Target Support Files/Pods-Swift4LINELogin/Pods-Swift4LINELogin.release.xcconfig"; sourceTree = "<group>"; };
		6ADF8A5766EE0B6831AEA69C /* Pods-Swift4LINELogin.debug.xcconfig */ = {isa = PBXFileReference; includeInIndex = 1; lastKnownFileType = text.xcconfig; name = "Pods-Swift4LINELogin.debug.xcconfig"; path = "Pods/Target Support Files/Pods-Swift4LINELogin/Pods-Swift4LINELogin.debug.xcconfig"; sourceTree = "<group>"; };
		8214B6C520CE9086004F063A /* Swift4LINELogin.app */ = {isa = PBXFileReference; explicitFileType = wrapper.application; includeInIndex = 0; path = Swift4LINELogin.app; sourceTree = BUILT_PRODUCTS_DIR; };
		8214B6C820CE9086004F063A /* AppDelegate.swift */ = {isa = PBXFileReference; lastKnownFileType = sourcecode.swift; path = AppDelegate.swift; sourceTree = "<group>"; };
		8214B6CA20CE9086004F063A /* ViewController.swift */ = {isa = PBXFileReference; lastKnownFileType = sourcecode.swift; path = ViewController.swift; sourceTree = "<group>"; };
		8214B6CD20CE9086004F063A /* Base */ = {isa = PBXFileReference; lastKnownFileType = file.storyboard; name = Base; path = Base.lproj/Main.storyboard; sourceTree = "<group>"; };
		8214B6CF20CE9089004F063A /* Assets.xcassets */ = {isa = PBXFileReference; lastKnownFileType = folder.assetcatalog; path = Assets.xcassets; sourceTree = "<group>"; };
		8214B6D220CE9089004F063A /* Base */ = {isa = PBXFileReference; lastKnownFileType = file.storyboard; name = Base; path = Base.lproj/LaunchScreen.storyboard; sourceTree = "<group>"; };
		8214B6D420CE9089004F063A /* Info.plist */ = {isa = PBXFileReference; lastKnownFileType = text.plist.xml; path = Info.plist; sourceTree = "<group>"; };
		8214B6DA20CE9679004F063A /* LineSDK.framework */ = {isa = PBXFileReference; lastKnownFileType = wrapper.framework; path = LineSDK.framework; sourceTree = "<group>"; };
		8214B6DC20CE96BB004F063A /* SDWebImage.framework */ = {isa = PBXFileReference; explicitFileType = wrapper.framework; path = SDWebImage.framework; sourceTree = BUILT_PRODUCTS_DIR; };
		8214B6DE20CE96D0004F063A /* CoreTelephony.framework */ = {isa = PBXFileReference; lastKnownFileType = wrapper.framework; name = CoreTelephony.framework; path = System/Library/Frameworks/CoreTelephony.framework; sourceTree = SDKROOT; };
		8214B6E020CE96DD004F063A /* Security.framework */ = {isa = PBXFileReference; lastKnownFileType = wrapper.framework; name = Security.framework; path = System/Library/Frameworks/Security.framework; sourceTree = SDKROOT; };
		8214B6E220CE96F6004F063A /* Swift4LINELogin.entitlements */ = {isa = PBXFileReference; lastKnownFileType = text.plist.entitlements; path = Swift4LINELogin.entitlements; sourceTree = "<group>"; };
		8214B6E320D00ABB004F063A /* ProfileViewController.swift */ = {isa = PBXFileReference; lastKnownFileType = sourcecode.swift; path = ProfileViewController.swift; sourceTree = "<group>"; };
		8214B6E520D00AF1004F063A /* lineIcon.png */ = {isa = PBXFileReference; lastKnownFileType = image.png; path = lineIcon.png; sourceTree = "<group>"; };
		B372509A36BF8E4AE262219F /* Pods_Swift4LINELogin.framework */ = {isa = PBXFileReference; explicitFileType = wrapper.framework; includeInIndex = 0; path = Pods_Swift4LINELogin.framework; sourceTree = BUILT_PRODUCTS_DIR; };
/* End PBXFileReference section */

/* Begin PBXFrameworksBuildPhase section */
		8214B6C220CE9086004F063A /* Frameworks */ = {
			isa = PBXFrameworksBuildPhase;
			buildActionMask = 2147483647;
			files = (
				8214B6E120CE96DD004F063A /* Security.framework in Frameworks */,
				8214B6DF20CE96D0004F063A /* CoreTelephony.framework in Frameworks */,
				8214B6DD20CE96BB004F063A /* SDWebImage.framework in Frameworks */,
				8B7B78E29047936E3A8582E2 /* Pods_Swift4LINELogin.framework in Frameworks */,
				8214B6DB20CE9679004F063A /* LineSDK.framework in Frameworks */,
			);
			runOnlyForDeploymentPostprocessing = 0;
		};
/* End PBXFrameworksBuildPhase section */

/* Begin PBXGroup section */
		6A947DDE9FAC667148B66D5D /* Pods */ = {
			isa = PBXGroup;
			children = (
				6ADF8A5766EE0B6831AEA69C /* Pods-Swift4LINELogin.debug.xcconfig */,
				57C3DEFF1CF11204BB215BF8 /* Pods-Swift4LINELogin.release.xcconfig */,
			);
			name = Pods;
			sourceTree = "<group>";
		};
		8214B6BC20CE9086004F063A = {
			isa = PBXGroup;
			children = (
				8214B6C720CE9086004F063A /* Swift4LINELogin */,
				8214B6C620CE9086004F063A /* Products */,
				6A947DDE9FAC667148B66D5D /* Pods */,
				CC87C09D94BE0BF258348678 /* Frameworks */,
			);
			sourceTree = "<group>";
		};
		8214B6C620CE9086004F063A /* Products */ = {
			isa = PBXGroup;
			children = (
				8214B6C520CE9086004F063A /* Swift4LINELogin.app */,
			);
			name = Products;
			sourceTree = "<group>";
		};
		8214B6C720CE9086004F063A /* Swift4LINELogin */ = {
			isa = PBXGroup;
			children = (
				8214B6E520D00AF1004F063A /* lineIcon.png */,
				8214B6E220CE96F6004F063A /* Swift4LINELogin.entitlements */,
				8214B6DA20CE9679004F063A /* LineSDK.framework */,
				8214B6C820CE9086004F063A /* AppDelegate.swift */,
				8214B6CA20CE9086004F063A /* ViewController.swift */,
				8214B6E320D00ABB004F063A /* ProfileViewController.swift */,
				8214B6CC20CE9086004F063A /* Main.storyboard */,
				8214B6CF20CE9089004F063A /* Assets.xcassets */,
				8214B6D120CE9089004F063A /* LaunchScreen.storyboard */,
				8214B6D420CE9089004F063A /* Info.plist */,
			);
			path = Swift4LINELogin;
			sourceTree = "<group>";
		};
		CC87C09D94BE0BF258348678 /* Frameworks */ = {
			isa = PBXGroup;
			children = (
				8214B6E020CE96DD004F063A /* Security.framework */,
				8214B6DE20CE96D0004F063A /* CoreTelephony.framework */,
				8214B6DC20CE96BB004F063A /* SDWebImage.framework */,
				B372509A36BF8E4AE262219F /* Pods_Swift4LINELogin.framework */,
			);
			name = Frameworks;
			sourceTree = "<group>";
		};
/* End PBXGroup section */

/* Begin PBXNativeTarget section */
		8214B6C420CE9086004F063A /* Swift4LINELogin */ = {
			isa = PBXNativeTarget;
			buildConfigurationList = 8214B6D720CE9089004F063A /* Build configuration list for PBXNativeTarget "Swift4LINELogin" */;
			buildPhases = (
				52E777C1B7D9674B2657849E /* [CP] Check Pods Manifest.lock */,
				8214B6C120CE9086004F063A /* Sources */,
				8214B6C220CE9086004F063A /* Frameworks */,
				8214B6C320CE9086004F063A /* Resources */,
				67880D84ED9A4AA1996C6AFB /* [CP] Embed Pods Frameworks */,
			);
			buildRules = (
			);
			dependencies = (
			);
			name = Swift4LINELogin;
			productName = Swift4LINELogin;
			productReference = 8214B6C520CE9086004F063A /* Swift4LINELogin.app */;
			productType = "com.apple.product-type.application";
		};
/* End PBXNativeTarget section */

/* Begin PBXProject section */
		8214B6BD20CE9086004F063A /* Project object */ = {
			isa = PBXProject;
			attributes = {
				LastSwiftUpdateCheck = 0940;
				LastUpgradeCheck = 0940;
				ORGANIZATIONNAME = "Takuma Osada";
				TargetAttributes = {
					8214B6C420CE9086004F063A = {
						CreatedOnToolsVersion = 9.4;
						SystemCapabilities = {
							com.apple.Keychain = {
								enabled = 1;
							};
						};
					};
				};
			};
			buildConfigurationList = 8214B6C020CE9086004F063A /* Build configuration list for PBXProject "Swift4LINELogin" */;
			compatibilityVersion = "Xcode 9.3";
			developmentRegion = en;
			hasScannedForEncodings = 0;
			knownRegions = (
				en,
				Base,
			);
			mainGroup = 8214B6BC20CE9086004F063A;
			productRefGroup = 8214B6C620CE9086004F063A /* Products */;
			projectDirPath = "";
			projectRoot = "";
			targets = (
				8214B6C420CE9086004F063A /* Swift4LINELogin */,
			);
		};
/* End PBXProject section */

/* Begin PBXResourcesBuildPhase section */
		8214B6C320CE9086004F063A /* Resources */ = {
			isa = PBXResourcesBuildPhase;
			buildActionMask = 2147483647;
			files = (
				8214B6E620D00AF1004F063A /* lineIcon.png in Resources */,
				8214B6D320CE9089004F063A /* LaunchScreen.storyboard in Resources */,
				8214B6D020CE9089004F063A /* Assets.xcassets in Resources */,
				8214B6CE20CE9086004F063A /* Main.storyboard in Resources */,
			);
			runOnlyForDeploymentPostprocessing = 0;
		};
/* End PBXResourcesBuildPhase section */

/* Begin PBXShellScriptBuildPhase section */
		52E777C1B7D9674B2657849E /* [CP] Check Pods Manifest.lock */ = {
			isa = PBXShellScriptBuildPhase;
			buildActionMask = 2147483647;
			files = (
			);
			inputPaths = (
				"${PODS_PODFILE_DIR_PATH}/Podfile.lock",
				"${PODS_ROOT}/Manifest.lock",
			);
			name = "[CP] Check Pods Manifest.lock";
			outputPaths = (
				"$(DERIVED_FILE_DIR)/Pods-Swift4LINELogin-checkManifestLockResult.txt",
			);
			runOnlyForDeploymentPostprocessing = 0;
			shellPath = /bin/sh;
			shellScript = "diff \"${PODS_PODFILE_DIR_PATH}/Podfile.lock\" \"${PODS_ROOT}/Manifest.lock\" > /dev/null\nif [ $? != 0 ] ; then\n    # print error to STDERR\n    echo \"error: The sandbox is not in sync with the Podfile.lock. Run 'pod install' or update your CocoaPods installation.\" >&2\n    exit 1\nfi\n# This output is used by Xcode 'outputs' to avoid re-running this script phase.\necho \"SUCCESS\" > \"${SCRIPT_OUTPUT_FILE_0}\"\n";
			showEnvVarsInLog = 0;
		};
		67880D84ED9A4AA1996C6AFB /* [CP] Embed Pods Frameworks */ = {
			isa = PBXShellScriptBuildPhase;
			buildActionMask = 2147483647;
			files = (
			);
			inputPaths = (
				"${SRCROOT}/Pods/Target Support Files/Pods-Swift4LINELogin/Pods-Swift4LINELogin-frameworks.sh",
				"${BUILT_PRODUCTS_DIR}/SDWebImage/SDWebImage.framework",
				"${BUILT_PRODUCTS_DIR}/libwebp/libwebp.framework",
			);
			name = "[CP] Embed Pods Frameworks";
			outputPaths = (
				"${TARGET_BUILD_DIR}/${FRAMEWORKS_FOLDER_PATH}/SDWebImage.framework",
				"${TARGET_BUILD_DIR}/${FRAMEWORKS_FOLDER_PATH}/libwebp.framework",
			);
			runOnlyForDeploymentPostprocessing = 0;
			shellPath = /bin/sh;
			shellScript = "\"${SRCROOT}/Pods/Target Support Files/Pods-Swift4LINELogin/Pods-Swift4LINELogin-frameworks.sh\"\n";
			showEnvVarsInLog = 0;
		};
/* End PBXShellScriptBuildPhase section */

/* Begin PBXSourcesBuildPhase section */
		8214B6C120CE9086004F063A /* Sources */ = {
			isa = PBXSourcesBuildPhase;
			buildActionMask = 2147483647;
			files = (
				8214B6E420D00ABB004F063A /* ProfileViewController.swift in Sources */,
				8214B6CB20CE9086004F063A /* ViewController.swift in Sources */,
				8214B6C920CE9086004F063A /* AppDelegate.swift in Sources */,
			);
			runOnlyForDeploymentPostprocessing = 0;
		};
/* End PBXSourcesBuildPhase section */

/* Begin PBXVariantGroup section */
		8214B6CC20CE9086004F063A /* Main.storyboard */ = {
			isa = PBXVariantGroup;
			children = (
				8214B6CD20CE9086004F063A /* Base */,
			);
			name = Main.storyboard;
			sourceTree = "<group>";
		};
		8214B6D120CE9089004F063A /* LaunchScreen.storyboard */ = {
			isa = PBXVariantGroup;
			children = (
				8214B6D220CE9089004F063A /* Base */,
			);
			name = LaunchScreen.storyboard;
			sourceTree = "<group>";
		};
/* End PBXVariantGroup section */

/* Begin XCBuildConfiguration section */
		8214B6D520CE9089004F063A /* Debug */ = {
			isa = XCBuildConfiguration;
			buildSettings = {
				ALWAYS_SEARCH_USER_PATHS = NO;
				CLANG_ANALYZER_NONNULL = YES;
				CLANG_ANALYZER_NUMBER_OBJECT_CONVERSION = YES_AGGRESSIVE;
				CLANG_CXX_LANGUAGE_STANDARD = "gnu++14";
				CLANG_CXX_LIBRARY = "libc++";
				CLANG_ENABLE_MODULES = YES;
				CLANG_ENABLE_OBJC_ARC = YES;
				CLANG_ENABLE_OBJC_WEAK = YES;
				CLANG_WARN_BLOCK_CAPTURE_AUTORELEASING = YES;
				CLANG_WARN_BOOL_CONVERSION = YES;
				CLANG_WARN_COMMA = YES;
				CLANG_WARN_CONSTANT_CONVERSION = YES;
				CLANG_WARN_DEPRECATED_OBJC_IMPLEMENTATIONS = YES;
				CLANG_WARN_DIRECT_OBJC_ISA_USAGE = YES_ERROR;
				CLANG_WARN_DOCUMENTATION_COMMENTS = YES;
				CLANG_WARN_EMPTY_BODY = YES;
				CLANG_WARN_ENUM_CONVERSION = YES;
				CLANG_WARN_INFINITE_RECURSION = YES;
				CLANG_WARN_INT_CONVERSION = YES;
				CLANG_WARN_NON_LITERAL_NULL_CONVERSION = YES;
				CLANG_WARN_OBJC_IMPLICIT_RETAIN_SELF = YES;
				CLANG_WARN_OBJC_LITERAL_CONVERSION = YES;
				CLANG_WARN_OBJC_ROOT_CLASS = YES_ERROR;
				CLANG_WARN_RANGE_LOOP_ANALYSIS = YES;
				CLANG_WARN_STRICT_PROTOTYPES = YES;
				CLANG_WARN_SUSPICIOUS_MOVE = YES;
				CLANG_WARN_UNGUARDED_AVAILABILITY = YES_AGGRESSIVE;
				CLANG_WARN_UNREACHABLE_CODE = YES;
				CLANG_WARN__DUPLICATE_METHOD_MATCH = YES;
				CODE_SIGN_IDENTITY = "iPhone Developer";
				COPY_PHASE_STRIP = NO;
				DEBUG_INFORMATION_FORMAT = dwarf;
				ENABLE_STRICT_OBJC_MSGSEND = YES;
				ENABLE_TESTABILITY = YES;
				GCC_C_LANGUAGE_STANDARD = gnu11;
				GCC_DYNAMIC_NO_PIC = NO;
				GCC_NO_COMMON_BLOCKS = YES;
				GCC_OPTIMIZATION_LEVEL = 0;
				GCC_PREPROCESSOR_DEFINITIONS = (
					"DEBUG=1",
					"$(inherited)",
				);
				GCC_WARN_64_TO_32_BIT_CONVERSION = YES;
				GCC_WARN_ABOUT_RETURN_TYPE = YES_ERROR;
				GCC_WARN_UNDECLARED_SELECTOR = YES;
				GCC_WARN_UNINITIALIZED_AUTOS = YES_AGGRESSIVE;
				GCC_WARN_UNUSED_FUNCTION = YES;
				GCC_WARN_UNUSED_VARIABLE = YES;
				IPHONEOS_DEPLOYMENT_TARGET = 11.4;
				MTL_ENABLE_DEBUG_INFO = YES;
				ONLY_ACTIVE_ARCH = YES;
				SDKROOT = iphoneos;
				SWIFT_ACTIVE_COMPILATION_CONDITIONS = DEBUG;
				SWIFT_OPTIMIZATION_LEVEL = "-Onone";
			};
			name = Debug;
		};
		8214B6D620CE9089004F063A /* Release */ = {
			isa = XCBuildConfiguration;
			buildSettings = {
				ALWAYS_SEARCH_USER_PATHS = NO;
				CLANG_ANALYZER_NONNULL = YES;
				CLANG_ANALYZER_NUMBER_OBJECT_CONVERSION = YES_AGGRESSIVE;
				CLANG_CXX_LANGUAGE_STANDARD = "gnu++14";
				CLANG_CXX_LIBRARY = "libc++";
				CLANG_ENABLE_MODULES = YES;
				CLANG_ENABLE_OBJC_ARC = YES;
				CLANG_ENABLE_OBJC_WEAK = YES;
				CLANG_WARN_BLOCK_CAPTURE_AUTORELEASING = YES;
				CLANG_WARN_BOOL_CONVERSION = YES;
				CLANG_WARN_COMMA = YES;
				CLANG_WARN_CONSTANT_CONVERSION = YES;
				CLANG_WARN_DEPRECATED_OBJC_IMPLEMENTATIONS = YES;
				CLANG_WARN_DIRECT_OBJC_ISA_USAGE = YES_ERROR;
				CLANG_WARN_DOCUMENTATION_COMMENTS = YES;
				CLANG_WARN_EMPTY_BODY = YES;
				CLANG_WARN_ENUM_CONVERSION = YES;
				CLANG_WARN_INFINITE_RECURSION = YES;
				CLANG_WARN_INT_CONVERSION = YES;
				CLANG_WARN_NON_LITERAL_NULL_CONVERSION = YES;
				CLANG_WARN_OBJC_IMPLICIT_RETAIN_SELF = YES;
				CLANG_WARN_OBJC_LITERAL_CONVERSION = YES;
				CLANG_WARN_OBJC_ROOT_CLASS = YES_ERROR;
				CLANG_WARN_RANGE_LOOP_ANALYSIS = YES;
				CLANG_WARN_STRICT_PROTOTYPES = YES;
				CLANG_WARN_SUSPICIOUS_MOVE = YES;
				CLANG_WARN_UNGUARDED_AVAILABILITY = YES_AGGRESSIVE;
				CLANG_WARN_UNREACHABLE_CODE = YES;
				CLANG_WARN__DUPLICATE_METHOD_MATCH = YES;
				CODE_SIGN_IDENTITY = "iPhone Developer";
				COPY_PHASE_STRIP = NO;
				DEBUG_INFORMATION_FORMAT = "dwarf-with-dsym";
				ENABLE_NS_ASSERTIONS = NO;
				ENABLE_STRICT_OBJC_MSGSEND = YES;
				GCC_C_LANGUAGE_STANDARD = gnu11;
				GCC_NO_COMMON_BLOCKS = YES;
				GCC_WARN_64_TO_32_BIT_CONVERSION = YES;
				GCC_WARN_ABOUT_RETURN_TYPE = YES_ERROR;
				GCC_WARN_UNDECLARED_SELECTOR = YES;
				GCC_WARN_UNINITIALIZED_AUTOS = YES_AGGRESSIVE;
				GCC_WARN_UNUSED_FUNCTION = YES;
				GCC_WARN_UNUSED_VARIABLE = YES;
				IPHONEOS_DEPLOYMENT_TARGET = 11.4;
				MTL_ENABLE_DEBUG_INFO = NO;
				SDKROOT = iphoneos;
				SWIFT_COMPILATION_MODE = wholemodule;
				SWIFT_OPTIMIZATION_LEVEL = "-O";
				VALIDATE_PRODUCT = YES;
			};
			name = Release;
		};
		8214B6D820CE9089004F063A /* Debug */ = {
			isa = XCBuildConfiguration;
			baseConfigurationReference = 6ADF8A5766EE0B6831AEA69C /* Pods-Swift4LINELogin.debug.xcconfig */;
			buildSettings = {
				ASSETCATALOG_COMPILER_APPICON_NAME = AppIcon;
				CODE_SIGN_ENTITLEMENTS = Swift4LINELogin/Swift4LINELogin.entitlements;
				CODE_SIGN_STYLE = Automatic;
				DEVELOPMENT_TEAM = P46632C32H;
				FRAMEWORK_SEARCH_PATHS = (
					"$(inherited)",
					"$(PROJECT_DIR)/Swift4LINELogin",
				);
				INFOPLIST_FILE = Swift4LINELogin/Info.plist;
				LD_RUNPATH_SEARCH_PATHS = (
					"$(inherited)",
					"@executable_path/Frameworks",
				);
				PRODUCT_BUNDLE_IDENTIFIER = com.test.Swift4LINELogin;
				PRODUCT_NAME = "$(TARGET_NAME)";
				SWIFT_VERSION = 4.0;
				TARGETED_DEVICE_FAMILY = "1,2";
			};
			name = Debug;
		};
		8214B6D920CE9089004F063A /* Release */ = {
			isa = XCBuildConfiguration;
			baseConfigurationReference = 57C3DEFF1CF11204BB215BF8 /* Pods-Swift4LINELogin.release.xcconfig */;
			buildSettings = {
				ASSETCATALOG_COMPILER_APPICON_NAME = AppIcon;
				CODE_SIGN_ENTITLEMENTS = Swift4LINELogin/Swift4LINELogin.entitlements;
				CODE_SIGN_STYLE = Automatic;
				DEVELOPMENT_TEAM = P46632C32H;
				FRAMEWORK_SEARCH_PATHS = (
					"$(inherited)",
					"$(PROJECT_DIR)/Swift4LINELogin",
				);
				INFOPLIST_FILE = Swift4LINELogin/Info.plist;
				LD_RUNPATH_SEARCH_PATHS = (
					"$(inherited)",
					"@executable_path/Frameworks",
				);
				PRODUCT_BUNDLE_IDENTIFIER = com.test.Swift4LINELogin;
				PRODUCT_NAME = "$(TARGET_NAME)";
				SWIFT_VERSION = 4.0;
				TARGETED_DEVICE_FAMILY = "1,2";
			};
			name = Release;
		};
/* End XCBuildConfiguration section */

/* Begin XCConfigurationList section */
		8214B6C020CE9086004F063A /* Build configuration list for PBXProject "Swift4LINELogin" */ = {
			isa = XCConfigurationList;
			buildConfigurations = (
				8214B6D520CE9089004F063A /* Debug */,
				8214B6D620CE9089004F063A /* Release */,
			);
			defaultConfigurationIsVisible = 0;
			defaultConfigurationName = Release;
		};
		8214B6D720CE9089004F063A /* Build configuration list for PBXNativeTarget "Swift4LINELogin" */ = {
			isa = XCConfigurationList;
			buildConfigurations = (
				8214B6D820CE9089004F063A /* Debug */,
				8214B6D920CE9089004F063A /* Release */,
			);
			defaultConfigurationIsVisible = 0;
			defaultConfigurationName = Release;
		};
/* End XCConfigurationList section */
	};
	rootObject = 8214B6BD20CE9086004F063A /* Project object */;
}
