PODS:
  - libwebp (0.6.1):
    - libwebp/core (= 0.6.1)
    - libwebp/dec (= 0.6.1)
    - libwebp/demux (= 0.6.1)
    - libwebp/dsp (= 0.6.1)
    - libwebp/enc (= 0.6.1)
    - libwebp/mux (= 0.6.1)
    - libwebp/utils (= 0.6.1)
    - libwebp/webp (= 0.6.1)
  - libwebp/core (0.6.1):
    - libwebp/webp
  - libwebp/dec (0.6.1):
    - libwebp/core
  - libwebp/demux (0.6.1):
    - libwebp/core
  - libwebp/dsp (0.6.1):
    - libwebp/core
  - libwebp/enc (0.6.1):
    - libwebp/core
  - libwebp/mux (0.6.1):
    - libwebp/core
  - libwebp/utils (0.6.1):
    - libwebp/core
  - libwebp/webp (0.6.1)
  - LineSDK (4.0.3)
  - SDWebImage/Core (4.4.1)
  - SDWebImage/WebP (4.4.1):
    - libwebp (~> 0.5)
    - SDWebImage/Core

DEPENDENCIES:
  - LineSDK (~> 4.0.2)
  - SDWebImage/WebP

SPEC REPOS:
  https://github.com/cocoapods/specs.git:
    - libwebp
    - LineSDK
    - SDWebImage

SPEC CHECKSUMS:
  libwebp: 0f01098c6c17175391af621b2f14150f3ca16e16
  LineSDK: 01a0e7206b2c459f20a2bee888553ae5dc74a709
  SDWebImage: 47e9b5b925cbce75946c23f0c42dd19464189af4

PODFILE CHECKSUM: dfbcfbcf8a0ad994fe15d7feabb66fe1ea91552e

COCOAPODS: 1.5.3
